// !$*UTF8*$!
{
	archiveVersion = 1;
	classes = {
	};
	objectVersion = 50;
	objects = {

/* Begin PBXBuildFile section */
		F76D16B524696C6300B20F88 /* CurvedView.m in Sources */ = {isa = PBXBuildFile; fileRef = F76D16B424696C6300B20F88 /* CurvedView.m */; };
		F76D16BE246A28E300B20F88 /* iosbodyoutline.png in Resources */ = {isa = PBXBuildFile; fileRef = F76D16BD246A28E300B20F88 /* iosbodyoutline.png */; };
		F7C2F0EA24657DD000BB44DB /* DemoViewController.m in Sources */ = {isa = PBXBuildFile; fileRef = F7C2F0E924657DD000BB44DB /* DemoViewController.m */; };
		F7C2F0FF24657DD100BB44DB /* DialAnimation_DemoTests.m in Sources */ = {isa = PBXBuildFile; fileRef = F7C2F0FE24657DD100BB44DB /* DialAnimation_DemoTests.m */; };
		F7C2F10A24657DD100BB44DB /* DialAnimation_DemoUITests.m in Sources */ = {isa = PBXBuildFile; fileRef = F7C2F10924657DD100BB44DB /* DialAnimation_DemoUITests.m */; };
		F7C2F12424657E3300BB44DB /* SceneDelegate.m in Sources */ = {isa = PBXBuildFile; fileRef = F7C2F11A24657E3300BB44DB /* SceneDelegate.m */; };
		F7C2F12724657E3300BB44DB /* main.m in Sources */ = {isa = PBXBuildFile; fileRef = F7C2F11F24657E3300BB44DB /* main.m */; };
		F7C2F12824657E3300BB44DB /* AppDelegate.m in Sources */ = {isa = PBXBuildFile; fileRef = F7C2F12024657E3300BB44DB /* AppDelegate.m */; };
		F7C2F12B24657F2D00BB44DB /* Assets.xcassets in Resources */ = {isa = PBXBuildFile; fileRef = F7C2F11924657E3300BB44DB /* Assets.xcassets */; };
		F7C2F12C24657F3100BB44DB /* LaunchScreen.storyboard in Resources */ = {isa = PBXBuildFile; fileRef = F7C2F11B24657E3300BB44DB /* LaunchScreen.storyboard */; };
		F7C2F12D24657F3500BB44DB /* Main.storyboard in Resources */ = {isa = PBXBuildFile; fileRef = F7C2F11D24657E3300BB44DB /* Main.storyboard */; };
		F7C2F18D2465867C00BB44DB /* UIImageView+GYExtension.m in Sources */ = {isa = PBXBuildFile; fileRef = F7C2F1402465867C00BB44DB /* UIImageView+GYExtension.m */; };
		F7C2F1932465867C00BB44DB /* UIViewController+GYSystemAlert.m in Sources */ = {isa = PBXBuildFile; fileRef = F7C2F14D2465867C00BB44DB /* UIViewController+GYSystemAlert.m */; };
		F7C2F1962465867C00BB44DB /* UIButton+GYInsensitiveTouch.m in Sources */ = {isa = PBXBuildFile; fileRef = F7C2F1542465867C00BB44DB /* UIButton+GYInsensitiveTouch.m */; };
		F7C2F1972465867C00BB44DB /* UIButton+GYCorner.m in Sources */ = {isa = PBXBuildFile; fileRef = F7C2F1552465867C00BB44DB /* UIButton+GYCorner.m */; };
		F7C2F1992465867C00BB44DB /* UIView+GYLayout.m in Sources */ = {isa = PBXBuildFile; fileRef = F7C2F15E2465867C00BB44DB /* UIView+GYLayout.m */; };
		F7C2F1AB2465867C00BB44DB /* CALayer+GYShake.m in Sources */ = {isa = PBXBuildFile; fileRef = F7C2F1832465867C00BB44DB /* CALayer+GYShake.m */; };
		F7C2F1AC2465867C00BB44DB /* UIColor+GYExtend.m in Sources */ = {isa = PBXBuildFile; fileRef = F7C2F1872465867C00BB44DB /* UIColor+GYExtend.m */; };
		F7C2F1B3246636DE00BB44DB /* DialAnimationView.m in Sources */ = {isa = PBXBuildFile; fileRef = F7C2F133246582F100BB44DB /* DialAnimationView.m */; };
		F7C2F1B7246637D000BB44DB /* DialAnimationModel.m in Sources */ = {isa = PBXBuildFile; fileRef = F7C2F1B6246637D000BB44DB /* DialAnimationModel.m */; };
		F7C2F1B92466390200BB44DB /* dialAnimationSource.plist in Resources */ = {isa = PBXBuildFile; fileRef = F7C2F1B82466390200BB44DB /* dialAnimationSource.plist */; };
		F7C2F1BC24664A6900BB44DB /* SectorView.m in Sources */ = {isa = PBXBuildFile; fileRef = F7C2F1BB24664A6900BB44DB /* SectorView.m */; };
/* End PBXBuildFile section */

/* Begin PBXContainerItemProxy section */
		F7C2F0FB24657DD100BB44DB /* PBXContainerItemProxy */ = {
			isa = PBXContainerItemProxy;
			containerPortal = F7C2F0D724657DD000BB44DB /* Project object */;
			proxyType = 1;
			remoteGlobalIDString = F7C2F0DE24657DD000BB44DB;
			remoteInfo = "DialAnimation-Demo";
		};
		F7C2F10624657DD100BB44DB /* PBXContainerItemProxy */ = {
			isa = PBXContainerItemProxy;
			containerPortal = F7C2F0D724657DD000BB44DB /* Project object */;
			proxyType = 1;
			remoteGlobalIDString = F7C2F0DE24657DD000BB44DB;
			remoteInfo = "DialAnimation-Demo";
		};
/* End PBXContainerItemProxy section */

/* Begin PBXFileReference section */
		F76D16B324696C6300B20F88 /* CurvedView.h */ = {isa = PBXFileReference; lastKnownFileType = sourcecode.c.h; path = CurvedView.h; sourceTree = "<group>"; };
		F76D16B424696C6300B20F88 /* CurvedView.m */ = {isa = PBXFileReference; lastKnownFileType = sourcecode.c.objc; path = CurvedView.m; sourceTree = "<group>"; };
		F76D16BD246A28E300B20F88 /* iosbodyoutline.png */ = {isa = PBXFileReference; lastKnownFileType = image.png; path = iosbodyoutline.png; sourceTree = "<group>"; };
		F7C2F0DF24657DD000BB44DB /* DialAnimation-Demo.app */ = {isa = PBXFileReference; explicitFileType = wrapper.application; includeInIndex = 0; path = "DialAnimation-Demo.app"; sourceTree = BUILT_PRODUCTS_DIR; };
		F7C2F0E824657DD000BB44DB /* DemoViewController.h */ = {isa = PBXFileReference; lastKnownFileType = sourcecode.c.h; path = DemoViewController.h; sourceTree = "<group>"; };
		F7C2F0E924657DD000BB44DB /* DemoViewController.m */ = {isa = PBXFileReference; lastKnownFileType = sourcecode.c.objc; path = DemoViewController.m; sourceTree = "<group>"; };
		F7C2F0FA24657DD100BB44DB /* DialAnimation-DemoTests.xctest */ = {isa = PBXFileReference; explicitFileType = wrapper.cfbundle; includeInIndex = 0; path = "DialAnimation-DemoTests.xctest"; sourceTree = BUILT_PRODUCTS_DIR; };
		F7C2F0FE24657DD100BB44DB /* DialAnimation_DemoTests.m */ = {isa = PBXFileReference; lastKnownFileType = sourcecode.c.objc; path = DialAnimation_DemoTests.m; sourceTree = "<group>"; };
		F7C2F10024657DD100BB44DB /* Info.plist */ = {isa = PBXFileReference; lastKnownFileType = text.plist.xml; path = Info.plist; sourceTree = "<group>"; };
		F7C2F10524657DD100BB44DB /* DialAnimation-DemoUITests.xctest */ = {isa = PBXFileReference; explicitFileType = wrapper.cfbundle; includeInIndex = 0; path = "DialAnimation-DemoUITests.xctest"; sourceTree = BUILT_PRODUCTS_DIR; };
		F7C2F10924657DD100BB44DB /* DialAnimation_DemoUITests.m */ = {isa = PBXFileReference; lastKnownFileType = sourcecode.c.objc; path = DialAnimation_DemoUITests.m; sourceTree = "<group>"; };
		F7C2F10B24657DD100BB44DB /* Info.plist */ = {isa = PBXFileReference; lastKnownFileType = text.plist.xml; path = Info.plist; sourceTree = "<group>"; };
		F7C2F11824657E3300BB44DB /* AppDelegate.h */ = {isa = PBXFileReference; fileEncoding = 4; lastKnownFileType = sourcecode.c.h; path = AppDelegate.h; sourceTree = "<group>"; };
		F7C2F11924657E3300BB44DB /* Assets.xcassets */ = {isa = PBXFileReference; lastKnownFileType = folder.assetcatalog; path = Assets.xcassets; sourceTree = "<group>"; };
		F7C2F11A24657E3300BB44DB /* SceneDelegate.m */ = {isa = PBXFileReference; fileEncoding = 4; lastKnownFileType = sourcecode.c.objc; path = SceneDelegate.m; sourceTree = "<group>"; };
		F7C2F11C24657E3300BB44DB /* Base */ = {isa = PBXFileReference; lastKnownFileType = file.storyboard; name = Base; path = Base.lproj/LaunchScreen.storyboard; sourceTree = "<group>"; };
		F7C2F11E24657E3300BB44DB /* Base */ = {isa = PBXFileReference; lastKnownFileType = file.storyboard; name = Base; path = Base.lproj/Main.storyboard; sourceTree = "<group>"; };
		F7C2F11F24657E3300BB44DB /* main.m */ = {isa = PBXFileReference; fileEncoding = 4; lastKnownFileType = sourcecode.c.objc; path = main.m; sourceTree = "<group>"; };
		F7C2F12024657E3300BB44DB /* AppDelegate.m */ = {isa = PBXFileReference; fileEncoding = 4; lastKnownFileType = sourcecode.c.objc; path = AppDelegate.m; sourceTree = "<group>"; };
		F7C2F12124657E3300BB44DB /* Info.plist */ = {isa = PBXFileReference; fileEncoding = 4; lastKnownFileType = text.plist.xml; path = Info.plist; sourceTree = "<group>"; };
		F7C2F12224657E3300BB44DB /* SceneDelegate.h */ = {isa = PBXFileReference; fileEncoding = 4; lastKnownFileType = sourcecode.c.h; path = SceneDelegate.h; sourceTree = "<group>"; };
		F7C2F132246582F100BB44DB /* DialAnimationView.h */ = {isa = PBXFileReference; lastKnownFileType = sourcecode.c.h; path = DialAnimationView.h; sourceTree = "<group>"; };
		F7C2F133246582F100BB44DB /* DialAnimationView.m */ = {isa = PBXFileReference; lastKnownFileType = sourcecode.c.objc; path = DialAnimationView.m; sourceTree = "<group>"; };
		F7C2F13E2465867C00BB44DB /* UIImageView+GYExtension.h */ = {isa = PBXFileReference; fileEncoding = 4; lastKnownFileType = sourcecode.c.h; path = "UIImageView+GYExtension.h"; sourceTree = "<group>"; };
		F7C2F1402465867C00BB44DB /* UIImageView+GYExtension.m */ = {isa = PBXFileReference; fileEncoding = 4; lastKnownFileType = sourcecode.c.objc; path = "UIImageView+GYExtension.m"; sourceTree = "<group>"; };
		F7C2F1432465867C00BB44DB /* CALayer+GYShake.h */ = {isa = PBXFileReference; fileEncoding = 4; lastKnownFileType = sourcecode.c.h; path = "CALayer+GYShake.h"; sourceTree = "<group>"; };
		F7C2F14D2465867C00BB44DB /* UIViewController+GYSystemAlert.m */ = {isa = PBXFileReference; fileEncoding = 4; lastKnownFileType = sourcecode.c.objc; path = "UIViewController+GYSystemAlert.m"; sourceTree = "<group>"; };
		F7C2F1532465867C00BB44DB /* UIButton+GYCorner.h */ = {isa = PBXFileReference; fileEncoding = 4; lastKnownFileType = sourcecode.c.h; path = "UIButton+GYCorner.h"; sourceTree = "<group>"; };
		F7C2F1542465867C00BB44DB /* UIButton+GYInsensitiveTouch.m */ = {isa = PBXFileReference; fileEncoding = 4; lastKnownFileType = sourcecode.c.objc; path = "UIButton+GYInsensitiveTouch.m"; sourceTree = "<group>"; };
		F7C2F1552465867C00BB44DB /* UIButton+GYCorner.m */ = {isa = PBXFileReference; fileEncoding = 4; lastKnownFileType = sourcecode.c.objc; path = "UIButton+GYCorner.m"; sourceTree = "<group>"; };
		F7C2F1562465867C00BB44DB /* UIButton+GYInsensitiveTouch.h */ = {isa = PBXFileReference; fileEncoding = 4; lastKnownFileType = sourcecode.c.h; path = "UIButton+GYInsensitiveTouch.h"; sourceTree = "<group>"; };
		F7C2F15D2465867C00BB44DB /* UIView+GYLayout.h */ = {isa = PBXFileReference; fileEncoding = 4; lastKnownFileType = sourcecode.c.h; path = "UIView+GYLayout.h"; sourceTree = "<group>"; };
		F7C2F15E2465867C00BB44DB /* UIView+GYLayout.m */ = {isa = PBXFileReference; fileEncoding = 4; lastKnownFileType = sourcecode.c.objc; path = "UIView+GYLayout.m"; sourceTree = "<group>"; };
		F7C2F1832465867C00BB44DB /* CALayer+GYShake.m */ = {isa = PBXFileReference; fileEncoding = 4; lastKnownFileType = sourcecode.c.objc; path = "CALayer+GYShake.m"; sourceTree = "<group>"; };
		F7C2F1852465867C00BB44DB /* UIViewController+GYSystemAlert.h */ = {isa = PBXFileReference; fileEncoding = 4; lastKnownFileType = sourcecode.c.h; path = "UIViewController+GYSystemAlert.h"; sourceTree = "<group>"; };
		F7C2F1872465867C00BB44DB /* UIColor+GYExtend.m */ = {isa = PBXFileReference; fileEncoding = 4; lastKnownFileType = sourcecode.c.objc; path = "UIColor+GYExtend.m"; sourceTree = "<group>"; };
		F7C2F1882465867C00BB44DB /* UIColor+GYExtend.h */ = {isa = PBXFileReference; fileEncoding = 4; lastKnownFileType = sourcecode.c.h; path = "UIColor+GYExtend.h"; sourceTree = "<group>"; };
		F7C2F1B5246637D000BB44DB /* DialAnimationModel.h */ = {isa = PBXFileReference; lastKnownFileType = sourcecode.c.h; path = DialAnimationModel.h; sourceTree = "<group>"; };
		F7C2F1B6246637D000BB44DB /* DialAnimationModel.m */ = {isa = PBXFileReference; lastKnownFileType = sourcecode.c.objc; path = DialAnimationModel.m; sourceTree = "<group>"; };
		F7C2F1B82466390200BB44DB /* dialAnimationSource.plist */ = {isa = PBXFileReference; fileEncoding = 4; lastKnownFileType = text.plist.xml; path = dialAnimationSource.plist; sourceTree = "<group>"; };
		F7C2F1BA24664A6900BB44DB /* SectorView.h */ = {isa = PBXFileReference; lastKnownFileType = sourcecode.c.h; path = SectorView.h; sourceTree = "<group>"; };
		F7C2F1BB24664A6900BB44DB /* SectorView.m */ = {isa = PBXFileReference; lastKnownFileType = sourcecode.c.objc; path = SectorView.m; sourceTree = "<group>"; };
/* End PBXFileReference section */

/* Begin PBXFrameworksBuildPhase section */
		F7C2F0DC24657DD000BB44DB /* Frameworks */ = {
			isa = PBXFrameworksBuildPhase;
			buildActionMask = 2147483647;
			files = (
			);
			runOnlyForDeploymentPostprocessing = 0;
		};
		F7C2F0F724657DD100BB44DB /* Frameworks */ = {
			isa = PBXFrameworksBuildPhase;
			buildActionMask = 2147483647;
			files = (
			);
			runOnlyForDeploymentPostprocessing = 0;
		};
		F7C2F10224657DD100BB44DB /* Frameworks */ = {
			isa = PBXFrameworksBuildPhase;
			buildActionMask = 2147483647;
			files = (
			);
			runOnlyForDeploymentPostprocessing = 0;
		};
/* End PBXFrameworksBuildPhase section */

/* Begin PBXGroup section */
		F76D16B624697A2300B20F88 /* Img */ = {
			isa = PBXGroup;
			children = (
				F76D16BD246A28E300B20F88 /* iosbodyoutline.png */,
			);
			path = Img;
			sourceTree = "<group>";
		};
		F7C2F0D624657DD000BB44DB = {
			isa = PBXGroup;
			children = (
				F7C2F0E124657DD000BB44DB /* DialAnimation-Demo */,
				F7C2F0FD24657DD100BB44DB /* DialAnimation-DemoTests */,
				F7C2F10824657DD100BB44DB /* DialAnimation-DemoUITests */,
				F7C2F0E024657DD000BB44DB /* Products */,
			);
			sourceTree = "<group>";
		};
		F7C2F0E024657DD000BB44DB /* Products */ = {
			isa = PBXGroup;
			children = (
				F7C2F0DF24657DD000BB44DB /* DialAnimation-Demo.app */,
				F7C2F0FA24657DD100BB44DB /* DialAnimation-DemoTests.xctest */,
				F7C2F10524657DD100BB44DB /* DialAnimation-DemoUITests.xctest */,
			);
			name = Products;
			sourceTree = "<group>";
		};
		F7C2F0E124657DD000BB44DB /* DialAnimation-Demo */ = {
			isa = PBXGroup;
			children = (
				F7C2F131246582D400BB44DB /* DialAnimation */,
				F7C2F1352465867C00BB44DB /* Extension */,
				F7C2F11724657E3300BB44DB /* SupportingFiles */,
				F7C2F0E824657DD000BB44DB /* DemoViewController.h */,
				F7C2F0E924657DD000BB44DB /* DemoViewController.m */,
			);
			path = "DialAnimation-Demo";
			sourceTree = "<group>";
		};
		F7C2F0FD24657DD100BB44DB /* DialAnimation-DemoTests */ = {
			isa = PBXGroup;
			children = (
				F7C2F0FE24657DD100BB44DB /* DialAnimation_DemoTests.m */,
				F7C2F10024657DD100BB44DB /* Info.plist */,
			);
			path = "DialAnimation-DemoTests";
			sourceTree = "<group>";
		};
		F7C2F10824657DD100BB44DB /* DialAnimation-DemoUITests */ = {
			isa = PBXGroup;
			children = (
				F7C2F10924657DD100BB44DB /* DialAnimation_DemoUITests.m */,
				F7C2F10B24657DD100BB44DB /* Info.plist */,
			);
			path = "DialAnimation-DemoUITests";
			sourceTree = "<group>";
		};
		F7C2F11724657E3300BB44DB /* SupportingFiles */ = {
			isa = PBXGroup;
			children = (
				F7C2F11824657E3300BB44DB /* AppDelegate.h */,
				F7C2F12024657E3300BB44DB /* AppDelegate.m */,
				F7C2F11924657E3300BB44DB /* Assets.xcassets */,
				F7C2F12224657E3300BB44DB /* SceneDelegate.h */,
				F7C2F11A24657E3300BB44DB /* SceneDelegate.m */,
				F7C2F11B24657E3300BB44DB /* LaunchScreen.storyboard */,
				F7C2F11D24657E3300BB44DB /* Main.storyboard */,
				F7C2F11F24657E3300BB44DB /* main.m */,
				F7C2F12124657E3300BB44DB /* Info.plist */,
			);
			path = SupportingFiles;
			sourceTree = "<group>";
		};
		F7C2F131246582D400BB44DB /* DialAnimation */ = {
			isa = PBXGroup;
			children = (
				F76D16B624697A2300B20F88 /* Img */,
				F7C2F1B4246636F600BB44DB /* Model */,
				F7C2F1B2246636CC00BB44DB /* View */,
			);
			path = DialAnimation;
			sourceTree = "<group>";
		};
		F7C2F1352465867C00BB44DB /* Extension */ = {
			isa = PBXGroup;
			children = (
				F7C2F1852465867C00BB44DB /* UIViewController+GYSystemAlert.h */,
				F7C2F14D2465867C00BB44DB /* UIViewController+GYSystemAlert.m */,
				F7C2F1432465867C00BB44DB /* CALayer+GYShake.h */,
				F7C2F1832465867C00BB44DB /* CALayer+GYShake.m */,
				F7C2F13D2465867C00BB44DB /* ImageView */,
				F7C2F1522465867C00BB44DB /* Button */,
				F7C2F15C2465867C00BB44DB /* View */,
				F7C2F1862465867C00BB44DB /* Colour */,
			);
			path = Extension;
			sourceTree = "<group>";
		};
		F7C2F13D2465867C00BB44DB /* ImageView */ = {
			isa = PBXGroup;
			children = (
				F7C2F13E2465867C00BB44DB /* UIImageView+GYExtension.h */,
				F7C2F1402465867C00BB44DB /* UIImageView+GYExtension.m */,
			);
			path = ImageView;
			sourceTree = "<group>";
		};
		F7C2F1522465867C00BB44DB /* Button */ = {
			isa = PBXGroup;
			children = (
				F7C2F1532465867C00BB44DB /* UIButton+GYCorner.h */,
				F7C2F1552465867C00BB44DB /* UIButton+GYCorner.m */,
				F7C2F1562465867C00BB44DB /* UIButton+GYInsensitiveTouch.h */,
				F7C2F1542465867C00BB44DB /* UIButton+GYInsensitiveTouch.m */,
			);
			path = Button;
			sourceTree = "<group>";
		};
		F7C2F15C2465867C00BB44DB /* View */ = {
			isa = PBXGroup;
			children = (
				F7C2F15D2465867C00BB44DB /* UIView+GYLayout.h */,
				F7C2F15E2465867C00BB44DB /* UIView+GYLayout.m */,
			);
			path = View;
			sourceTree = "<group>";
		};
		F7C2F1862465867C00BB44DB /* Colour */ = {
			isa = PBXGroup;
			children = (
				F7C2F1882465867C00BB44DB /* UIColor+GYExtend.h */,
				F7C2F1872465867C00BB44DB /* UIColor+GYExtend.m */,
			);
			path = Colour;
			sourceTree = "<group>";
		};
		F7C2F1B2246636CC00BB44DB /* View */ = {
			isa = PBXGroup;
			children = (
				F7C2F132246582F100BB44DB /* DialAnimationView.h */,
				F7C2F133246582F100BB44DB /* DialAnimationView.m */,
				F7C2F1BA24664A6900BB44DB /* SectorView.h */,
				F7C2F1BB24664A6900BB44DB /* SectorView.m */,
				F76D16B324696C6300B20F88 /* CurvedView.h */,
				F76D16B424696C6300B20F88 /* CurvedView.m */,
			);
			path = View;
			sourceTree = "<group>";
		};
		F7C2F1B4246636F600BB44DB /* Model */ = {
			isa = PBXGroup;
			children = (
				F7C2F1B82466390200BB44DB /* dialAnimationSource.plist */,
				F7C2F1B5246637D000BB44DB /* DialAnimationModel.h */,
				F7C2F1B6246637D000BB44DB /* DialAnimationModel.m */,
			);
			path = Model;
			sourceTree = "<group>";
		};
/* End PBXGroup section */

/* Begin PBXNativeTarget section */
		F7C2F0DE24657DD000BB44DB /* DialAnimation-Demo */ = {
			isa = PBXNativeTarget;
			buildConfigurationList = F7C2F10E24657DD100BB44DB /* Build configuration list for PBXNativeTarget "DialAnimation-Demo" */;
			buildPhases = (
				F7C2F0DB24657DD000BB44DB /* Sources */,
				F7C2F0DC24657DD000BB44DB /* Frameworks */,
				F7C2F0DD24657DD000BB44DB /* Resources */,
			);
			buildRules = (
			);
			dependencies = (
			);
			name = "DialAnimation-Demo";
			productName = "DialAnimation-Demo";
			productReference = F7C2F0DF24657DD000BB44DB /* DialAnimation-Demo.app */;
			productType = "com.apple.product-type.application";
		};
		F7C2F0F924657DD100BB44DB /* DialAnimation-DemoTests */ = {
			isa = PBXNativeTarget;
			buildConfigurationList = F7C2F11124657DD100BB44DB /* Build configuration list for PBXNativeTarget "DialAnimation-DemoTests" */;
			buildPhases = (
				F7C2F0F624657DD100BB44DB /* Sources */,
				F7C2F0F724657DD100BB44DB /* Frameworks */,
				F7C2F0F824657DD100BB44DB /* Resources */,
			);
			buildRules = (
			);
			dependencies = (
				F7C2F0FC24657DD100BB44DB /* PBXTargetDependency */,
			);
			name = "DialAnimation-DemoTests";
			productName = "DialAnimation-DemoTests";
			productReference = F7C2F0FA24657DD100BB44DB /* DialAnimation-DemoTests.xctest */;
			productType = "com.apple.product-type.bundle.unit-test";
		};
		F7C2F10424657DD100BB44DB /* DialAnimation-DemoUITests */ = {
			isa = PBXNativeTarget;
			buildConfigurationList = F7C2F11424657DD100BB44DB /* Build configuration list for PBXNativeTarget "DialAnimation-DemoUITests" */;
			buildPhases = (
				F7C2F10124657DD100BB44DB /* Sources */,
				F7C2F10224657DD100BB44DB /* Frameworks */,
				F7C2F10324657DD100BB44DB /* Resources */,
			);
			buildRules = (
			);
			dependencies = (
				F7C2F10724657DD100BB44DB /* PBXTargetDependency */,
			);
			name = "DialAnimation-DemoUITests";
			productName = "DialAnimation-DemoUITests";
			productReference = F7C2F10524657DD100BB44DB /* DialAnimation-DemoUITests.xctest */;
			productType = "com.apple.product-type.bundle.ui-testing";
		};
/* End PBXNativeTarget section */

/* Begin PBXProject section */
		F7C2F0D724657DD000BB44DB /* Project object */ = {
			isa = PBXProject;
			attributes = {
				LastUpgradeCheck = 1140;
				ORGANIZATIONNAME = ShenYj;
				TargetAttributes = {
					F7C2F0DE24657DD000BB44DB = {
						CreatedOnToolsVersion = 11.4.1;
					};
					F7C2F0F924657DD100BB44DB = {
						CreatedOnToolsVersion = 11.4.1;
						TestTargetID = F7C2F0DE24657DD000BB44DB;
					};
					F7C2F10424657DD100BB44DB = {
						CreatedOnToolsVersion = 11.4.1;
						TestTargetID = F7C2F0DE24657DD000BB44DB;
					};
				};
			};
			buildConfigurationList = F7C2F0DA24657DD000BB44DB /* Build configuration list for PBXProject "DialAnimation-Demo" */;
			compatibilityVersion = "Xcode 9.3";
			developmentRegion = en;
			hasScannedForEncodings = 0;
			knownRegions = (
				en,
				Base,
			);
			mainGroup = F7C2F0D624657DD000BB44DB;
			productRefGroup = F7C2F0E024657DD000BB44DB /* Products */;
			projectDirPath = "";
			projectRoot = "";
			targets = (
				F7C2F0DE24657DD000BB44DB /* DialAnimation-Demo */,
				F7C2F0F924657DD100BB44DB /* DialAnimation-DemoTests */,
				F7C2F10424657DD100BB44DB /* DialAnimation-DemoUITests */,
			);
		};
/* End PBXProject section */

/* Begin PBXResourcesBuildPhase section */
		F7C2F0DD24657DD000BB44DB /* Resources */ = {
			isa = PBXResourcesBuildPhase;
			buildActionMask = 2147483647;
			files = (
				F7C2F12D24657F3500BB44DB /* Main.storyboard in Resources */,
				F7C2F12C24657F3100BB44DB /* LaunchScreen.storyboard in Resources */,
				F76D16BE246A28E300B20F88 /* iosbodyoutline.png in Resources */,
				F7C2F1B92466390200BB44DB /* dialAnimationSource.plist in Resources */,
				F7C2F12B24657F2D00BB44DB /* Assets.xcassets in Resources */,
			);
			runOnlyForDeploymentPostprocessing = 0;
		};
		F7C2F0F824657DD100BB44DB /* Resources */ = {
			isa = PBXResourcesBuildPhase;
			buildActionMask = 2147483647;
			files = (
			);
			runOnlyForDeploymentPostprocessing = 0;
		};
		F7C2F10324657DD100BB44DB /* Resources */ = {
			isa = PBXResourcesBuildPhase;
			buildActionMask = 2147483647;
			files = (
			);
			runOnlyForDeploymentPostprocessing = 0;
		};
/* End PBXResourcesBuildPhase section */

/* Begin PBXSourcesBuildPhase section */
		F7C2F0DB24657DD000BB44DB /* Sources */ = {
			isa = PBXSourcesBuildPhase;
			buildActionMask = 2147483647;
			files = (
				F7C2F1B3246636DE00BB44DB /* DialAnimationView.m in Sources */,
				F7C2F1932465867C00BB44DB /* UIViewController+GYSystemAlert.m in Sources */,
				F7C2F1992465867C00BB44DB /* UIView+GYLayout.m in Sources */,
				F7C2F1962465867C00BB44DB /* UIButton+GYInsensitiveTouch.m in Sources */,
				F7C2F1AB2465867C00BB44DB /* CALayer+GYShake.m in Sources */,
				F7C2F12824657E3300BB44DB /* AppDelegate.m in Sources */,
				F7C2F1BC24664A6900BB44DB /* SectorView.m in Sources */,
				F76D16B524696C6300B20F88 /* CurvedView.m in Sources */,
				F7C2F18D2465867C00BB44DB /* UIImageView+GYExtension.m in Sources */,
				F7C2F0EA24657DD000BB44DB /* DemoViewController.m in Sources */,
				F7C2F12724657E3300BB44DB /* main.m in Sources */,
				F7C2F1AC2465867C00BB44DB /* UIColor+GYExtend.m in Sources */,
				F7C2F1B7246637D000BB44DB /* DialAnimationModel.m in Sources */,
				F7C2F12424657E3300BB44DB /* SceneDelegate.m in Sources */,
				F7C2F1972465867C00BB44DB /* UIButton+GYCorner.m in Sources */,
			);
			runOnlyForDeploymentPostprocessing = 0;
		};
		F7C2F0F624657DD100BB44DB /* Sources */ = {
			isa = PBXSourcesBuildPhase;
			buildActionMask = 2147483647;
			files = (
				F7C2F0FF24657DD100BB44DB /* DialAnimation_DemoTests.m in Sources */,
			);
			runOnlyForDeploymentPostprocessing = 0;
		};
		F7C2F10124657DD100BB44DB /* Sources */ = {
			isa = PBXSourcesBuildPhase;
			buildActionMask = 2147483647;
			files = (
				F7C2F10A24657DD100BB44DB /* DialAnimation_DemoUITests.m in Sources */,
			);
			runOnlyForDeploymentPostprocessing = 0;
		};
/* End PBXSourcesBuildPhase section */

/* Begin PBXTargetDependency section */
		F7C2F0FC24657DD100BB44DB /* PBXTargetDependency */ = {
			isa = PBXTargetDependency;
			target = F7C2F0DE24657DD000BB44DB /* DialAnimation-Demo */;
			targetProxy = F7C2F0FB24657DD100BB44DB /* PBXContainerItemProxy */;
		};
		F7C2F10724657DD100BB44DB /* PBXTargetDependency */ = {
			isa = PBXTargetDependency;
			target = F7C2F0DE24657DD000BB44DB /* DialAnimation-Demo */;
			targetProxy = F7C2F10624657DD100BB44DB /* PBXContainerItemProxy */;
		};
/* End PBXTargetDependency section */

/* Begin PBXVariantGroup section */
		F7C2F11B24657E3300BB44DB /* LaunchScreen.storyboard */ = {
			isa = PBXVariantGroup;
			children = (
				F7C2F11C24657E3300BB44DB /* Base */,
			);
			name = LaunchScreen.storyboard;
			sourceTree = "<group>";
		};
		F7C2F11D24657E3300BB44DB /* Main.storyboard */ = {
			isa = PBXVariantGroup;
			children = (
				F7C2F11E24657E3300BB44DB /* Base */,
			);
			name = Main.storyboard;
			sourceTree = "<group>";
		};
/* End PBXVariantGroup section */

/* Begin XCBuildConfiguration section */
		F7C2F10C24657DD100BB44DB /* Debug */ = {
			isa = XCBuildConfiguration;
			buildSettings = {
				ALWAYS_SEARCH_USER_PATHS = NO;
				CLANG_ANALYZER_NONNULL = YES;
				CLANG_ANALYZER_NUMBER_OBJECT_CONVERSION = YES_AGGRESSIVE;
				CLANG_CXX_LANGUAGE_STANDARD = "gnu++14";
				CLANG_CXX_LIBRARY = "libc++";
				CLANG_ENABLE_MODULES = YES;
				CLANG_ENABLE_OBJC_ARC = YES;
				CLANG_ENABLE_OBJC_WEAK = YES;
				CLANG_WARN_BLOCK_CAPTURE_AUTORELEASING = YES;
				CLANG_WARN_BOOL_CONVERSION = YES;
				CLANG_WARN_COMMA = YES;
				CLANG_WARN_CONSTANT_CONVERSION = YES;
				CLANG_WARN_DEPRECATED_OBJC_IMPLEMENTATIONS = YES;
				CLANG_WARN_DIRECT_OBJC_ISA_USAGE = YES_ERROR;
				CLANG_WARN_DOCUMENTATION_COMMENTS = YES;
				CLANG_WARN_EMPTY_BODY = YES;
				CLANG_WARN_ENUM_CONVERSION = YES;
				CLANG_WARN_INFINITE_RECURSION = YES;
				CLANG_WARN_INT_CONVERSION = YES;
				CLANG_WARN_NON_LITERAL_NULL_CONVERSION = YES;
				CLANG_WARN_OBJC_IMPLICIT_RETAIN_SELF = YES;
				CLANG_WARN_OBJC_LITERAL_CONVERSION = YES;
				CLANG_WARN_OBJC_ROOT_CLASS = YES_ERROR;
				CLANG_WARN_RANGE_LOOP_ANALYSIS = YES;
				CLANG_WARN_STRICT_PROTOTYPES = YES;
				CLANG_WARN_SUSPICIOUS_MOVE = YES;
				CLANG_WARN_UNGUARDED_AVAILABILITY = YES_AGGRESSIVE;
				CLANG_WARN_UNREACHABLE_CODE = YES;
				CLANG_WARN__DUPLICATE_METHOD_MATCH = YES;
				COPY_PHASE_STRIP = NO;
				DEBUG_INFORMATION_FORMAT = dwarf;
				ENABLE_STRICT_OBJC_MSGSEND = YES;
				ENABLE_TESTABILITY = YES;
				GCC_C_LANGUAGE_STANDARD = gnu11;
				GCC_DYNAMIC_NO_PIC = NO;
				GCC_NO_COMMON_BLOCKS = YES;
				GCC_OPTIMIZATION_LEVEL = 0;
				GCC_PREPROCESSOR_DEFINITIONS = (
					"DEBUG=1",
					"$(inherited)",
				);
				GCC_WARN_64_TO_32_BIT_CONVERSION = YES;
				GCC_WARN_ABOUT_RETURN_TYPE = YES_ERROR;
				GCC_WARN_UNDECLARED_SELECTOR = YES;
				GCC_WARN_UNINITIALIZED_AUTOS = YES_AGGRESSIVE;
				GCC_WARN_UNUSED_FUNCTION = YES;
				GCC_WARN_UNUSED_VARIABLE = YES;
				INFOPLIST_FILE = "";
				IPHONEOS_DEPLOYMENT_TARGET = 13.4;
				MTL_ENABLE_DEBUG_INFO = INCLUDE_SOURCE;
				MTL_FAST_MATH = YES;
				ONLY_ACTIVE_ARCH = YES;
				SDKROOT = iphoneos;
			};
			name = Debug;
		};
		F7C2F10D24657DD100BB44DB /* Release */ = {
			isa = XCBuildConfiguration;
			buildSettings = {
				ALWAYS_SEARCH_USER_PATHS = NO;
				CLANG_ANALYZER_NONNULL = YES;
				CLANG_ANALYZER_NUMBER_OBJECT_CONVERSION = YES_AGGRESSIVE;
				CLANG_CXX_LANGUAGE_STANDARD = "gnu++14";
				CLANG_CXX_LIBRARY = "libc++";
				CLANG_ENABLE_MODULES = YES;
				CLANG_ENABLE_OBJC_ARC = YES;
				CLANG_ENABLE_OBJC_WEAK = YES;
				CLANG_WARN_BLOCK_CAPTURE_AUTORELEASING = YES;
				CLANG_WARN_BOOL_CONVERSION = YES;
				CLANG_WARN_COMMA = YES;
				CLANG_WARN_CONSTANT_CONVERSION = YES;
				CLANG_WARN_DEPRECATED_OBJC_IMPLEMENTATIONS = YES;
				CLANG_WARN_DIRECT_OBJC_ISA_USAGE = YES_ERROR;
				CLANG_WARN_DOCUMENTATION_COMMENTS = YES;
				CLANG_WARN_EMPTY_BODY = YES;
				CLANG_WARN_ENUM_CONVERSION = YES;
				CLANG_WARN_INFINITE_RECURSION = YES;
				CLANG_WARN_INT_CONVERSION = YES;
				CLANG_WARN_NON_LITERAL_NULL_CONVERSION = YES;
				CLANG_WARN_OBJC_IMPLICIT_RETAIN_SELF = YES;
				CLANG_WARN_OBJC_LITERAL_CONVERSION = YES;
				CLANG_WARN_OBJC_ROOT_CLASS = YES_ERROR;
				CLANG_WARN_RANGE_LOOP_ANALYSIS = YES;
				CLANG_WARN_STRICT_PROTOTYPES = YES;
				CLANG_WARN_SUSPICIOUS_MOVE = YES;
				CLANG_WARN_UNGUARDED_AVAILABILITY = YES_AGGRESSIVE;
				CLANG_WARN_UNREACHABLE_CODE = YES;
				CLANG_WARN__DUPLICATE_METHOD_MATCH = YES;
				COPY_PHASE_STRIP = NO;
				DEBUG_INFORMATION_FORMAT = "dwarf-with-dsym";
				ENABLE_NS_ASSERTIONS = NO;
				ENABLE_STRICT_OBJC_MSGSEND = YES;
				GCC_C_LANGUAGE_STANDARD = gnu11;
				GCC_NO_COMMON_BLOCKS = YES;
				GCC_WARN_64_TO_32_BIT_CONVERSION = YES;
				GCC_WARN_ABOUT_RETURN_TYPE = YES_ERROR;
				GCC_WARN_UNDECLARED_SELECTOR = YES;
				GCC_WARN_UNINITIALIZED_AUTOS = YES_AGGRESSIVE;
				GCC_WARN_UNUSED_FUNCTION = YES;
				GCC_WARN_UNUSED_VARIABLE = YES;
				INFOPLIST_FILE = "";
				IPHONEOS_DEPLOYMENT_TARGET = 13.4;
				MTL_ENABLE_DEBUG_INFO = NO;
				MTL_FAST_MATH = YES;
				SDKROOT = iphoneos;
				VALIDATE_PRODUCT = YES;
			};
			name = Release;
		};
		F7C2F10F24657DD100BB44DB /* Debug */ = {
			isa = XCBuildConfiguration;
			buildSettings = {
				ASSETCATALOG_COMPILER_APPICON_NAME = AppIcon;
				CODE_SIGN_STYLE = Automatic;
				DEVELOPMENT_TEAM = KS5QTFAS57;
				INFOPLIST_FILE = "DialAnimation-Demo/SupportingFiles/Info.plist";
				LD_RUNPATH_SEARCH_PATHS = (
					"$(inherited)",
					"@executable_path/Frameworks",
				);
				PRODUCT_BUNDLE_IDENTIFIER = cn.com.ShenYj.DialAnimation.Demo;
				PRODUCT_NAME = "$(TARGET_NAME)";
				TARGETED_DEVICE_FAMILY = "1,2";
			};
			name = Debug;
		};
		F7C2F11024657DD100BB44DB /* Release */ = {
			isa = XCBuildConfiguration;
			buildSettings = {
				ASSETCATALOG_COMPILER_APPICON_NAME = AppIcon;
				CODE_SIGN_STYLE = Automatic;
				DEVELOPMENT_TEAM = KS5QTFAS57;
				INFOPLIST_FILE = "DialAnimation-Demo/SupportingFiles/Info.plist";
				LD_RUNPATH_SEARCH_PATHS = (
					"$(inherited)",
					"@executable_path/Frameworks",
				);
				PRODUCT_BUNDLE_IDENTIFIER = cn.com.ShenYj.DialAnimation.Demo;
				PRODUCT_NAME = "$(TARGET_NAME)";
				TARGETED_DEVICE_FAMILY = "1,2";
			};
			name = Release;
		};
		F7C2F11224657DD100BB44DB /* Debug */ = {
			isa = XCBuildConfiguration;
			buildSettings = {
				BUNDLE_LOADER = "$(TEST_HOST)";
				CODE_SIGN_STYLE = Automatic;
				DEVELOPMENT_TEAM = 5R34S373N7;
				INFOPLIST_FILE = "DialAnimation-DemoTests/Info.plist";
				IPHONEOS_DEPLOYMENT_TARGET = 13.4;
				LD_RUNPATH_SEARCH_PATHS = (
					"$(inherited)",
					"@executable_path/Frameworks",
					"@loader_path/Frameworks",
				);
				PRODUCT_BUNDLE_IDENTIFIER = "cn.com.ShenYj.DialAnimation-DemoTests";
				PRODUCT_NAME = "$(TARGET_NAME)";
				TARGETED_DEVICE_FAMILY = "1,2";
				TEST_HOST = "$(BUILT_PRODUCTS_DIR)/DialAnimation-Demo.app/DialAnimation-Demo";
			};
			name = Debug;
		};
		F7C2F11324657DD100BB44DB /* Release */ = {
			isa = XCBuildConfiguration;
			buildSettings = {
				BUNDLE_LOADER = "$(TEST_HOST)";
				CODE_SIGN_STYLE = Automatic;
				DEVELOPMENT_TEAM = 5R34S373N7;
				INFOPLIST_FILE = "DialAnimation-DemoTests/Info.plist";
				IPHONEOS_DEPLOYMENT_TARGET = 13.4;
				LD_RUNPATH_SEARCH_PATHS = (
					"$(inherited)",
					"@executable_path/Frameworks",
					"@loader_path/Frameworks",
				);
				PRODUCT_BUNDLE_IDENTIFIER = "cn.com.ShenYj.DialAnimation-DemoTests";
				PRODUCT_NAME = "$(TARGET_NAME)";
				TARGETED_DEVICE_FAMILY = "1,2";
				TEST_HOST = "$(BUILT_PRODUCTS_DIR)/DialAnimation-Demo.app/DialAnimation-Demo";
			};
			name = Release;
		};
		F7C2F11524657DD100BB44DB /* Debug */ = {
			isa = XCBuildConfiguration;
			buildSettings = {
				CODE_SIGN_STYLE = Automatic;
				DEVELOPMENT_TEAM = 5R34S373N7;
				INFOPLIST_FILE = "DialAnimation-DemoUITests/Info.plist";
				LD_RUNPATH_SEARCH_PATHS = (
					"$(inherited)",
					"@executable_path/Frameworks",
					"@loader_path/Frameworks",
				);
				PRODUCT_BUNDLE_IDENTIFIER = "cn.com.ShenYj.DialAnimation-DemoUITests";
				PRODUCT_NAME = "$(TARGET_NAME)";
				TARGETED_DEVICE_FAMILY = "1,2";
				TEST_TARGET_NAME = "DialAnimation-Demo";
			};
			name = Debug;
		};
		F7C2F11624657DD100BB44DB /* Release */ = {
			isa = XCBuildConfiguration;
			buildSettings = {
				CODE_SIGN_STYLE = Automatic;
				DEVELOPMENT_TEAM = 5R34S373N7;
				INFOPLIST_FILE = "DialAnimation-DemoUITests/Info.plist";
				LD_RUNPATH_SEARCH_PATHS = (
					"$(inherited)",
					"@executable_path/Frameworks",
					"@loader_path/Frameworks",
				);
				PRODUCT_BUNDLE_IDENTIFIER = "cn.com.ShenYj.DialAnimation-DemoUITests";
				PRODUCT_NAME = "$(TARGET_NAME)";
				TARGETED_DEVICE_FAMILY = "1,2";
				TEST_TARGET_NAME = "DialAnimation-Demo";
			};
			name = Release;
		};
/* End XCBuildConfiguration section */

/* Begin XCConfigurationList section */
		F7C2F0DA24657DD000BB44DB /* Build configuration list for PBXProject "DialAnimation-Demo" */ = {
			isa = XCConfigurationList;
			buildConfigurations = (
				F7C2F10C24657DD100BB44DB /* Debug */,
				F7C2F10D24657DD100BB44DB /* Release */,
			);
			defaultConfigurationIsVisible = 0;
			defaultConfigurationName = Release;
		};
		F7C2F10E24657DD100BB44DB /* Build configuration list for PBXNativeTarget "DialAnimation-Demo" */ = {
			isa = XCConfigurationList;
			buildConfigurations = (
				F7C2F10F24657DD100BB44DB /* Debug */,
				F7C2F11024657DD100BB44DB /* Release */,
			);
			defaultConfigurationIsVisible = 0;
			defaultConfigurationName = Release;
		};
		F7C2F11124657DD100BB44DB /* Build configuration list for PBXNativeTarget "DialAnimation-DemoTests" */ = {
			isa = XCConfigurationList;
			buildConfigurations = (
				F7C2F11224657DD100BB44DB /* Debug */,
				F7C2F11324657DD100BB44DB /* Release */,
			);
			defaultConfigurationIsVisible = 0;
			defaultConfigurationName = Release;
		};
		F7C2F11424657DD100BB44DB /* Build configuration list for PBXNativeTarget "DialAnimation-DemoUITests" */ = {
			isa = XCConfigurationList;
			buildConfigurations = (
				F7C2F11524657DD100BB44DB /* Debug */,
				F7C2F11624657DD100BB44DB /* Release */,
			);
			defaultConfigurationIsVisible = 0;
			defaultConfigurationName = Release;
		};
/* End XCConfigurationList section */
	};
	rootObject = F7C2F0D724657DD000BB44DB /* Project object */;
}
